
Microsoft Visual Studio Solution File, Format Version 12.00
# Visual Studio 14
VisualStudioVersion = 14.0.25420.1
MinimumVisualStudioVersion = 10.0.40219.1
Project("{2150E333-8FDC-42A3-9474-1A3956D46DE8}") = "src", "src", "{2E8ACA9B-FB93-48AF-AB8F-D7ACB662F605}"
EndProject
Project("{2150E333-8FDC-42A3-9474-1A3956D46DE8}") = "Solution Items", "Solution Items", "{C3442585-2BDD-4AE3-B83C-2445E94FFC59}"
	ProjectSection(SolutionItems) = preProject
		global.json = global.json
	EndProjectSection
EndProject
Project("{8BB2217D-0F2D-49D1-97BC-3654ED321F3B}") = "DelegatesTest", "src\DelegatesTest\DelegatesTest.xproj", "{8B4E6B97-7D04-498D-AADC-EA87CC9DA0EB}"
EndProject
Project("{8BB2217D-0F2D-49D1-97BC-3654ED321F3B}") = "Glyde.ApplicationHealthServices", "src\Glyde.ApplicationHealthServices\Glyde.ApplicationHealthServices.xproj", "{7DB2ADA6-F0D1-4488-B1A7-AF6D382DED18}"
EndProject
Project("{8BB2217D-0F2D-49D1-97BC-3654ED321F3B}") = "Glyde.Core.Requests", "src\Glyde.Core.Requests\Glyde.Core.Requests.xproj", "{74B979D8-BA92-4A23-96EE-14A9543FE35C}"
EndProject
Project("{8BB2217D-0F2D-49D1-97BC-3654ED321F3B}") = "Glyde.Core.DeviceDetection", "src\Glyde.Core.DeviceDetection\Glyde.Core.DeviceDetection.xproj", "{E326792D-1886-479B-9DCF-7883554EBB4D}"
EndProject
Project("{8BB2217D-0F2D-49D1-97BC-3654ED321F3B}") = "Glyde.Bootstrapping", "src\Glyde.Bootstrapping\Glyde.Bootstrapping.xproj", "{6F8BFCE2-F144-44BD-AB81-5AAB08DCDCCC}"
EndProject
Project("{8BB2217D-0F2D-49D1-97BC-3654ED321F3B}") = "Glyde.Di", "src\Glyde.Di\Glyde.Di.xproj", "{9AC63BA1-D3B7-4EA7-AD25-687C5B94D6F9}"
EndProject
Project("{8BB2217D-0F2D-49D1-97BC-3654ED321F3B}") = "Glyde.Di.SimpleInjector", "src\Glyde.Di.SimpleInjector\Glyde.Di.SimpleInjector.xproj", "{96743454-B2ED-43BB-9A47-BAF31F5EECF3}"
EndProject
Project("{8BB2217D-0F2D-49D1-97BC-3654ED321F3B}") = "Glyde.Configuration", "src\Glyde.Configuration\Glyde.Configuration.xproj", "{04873823-E144-4CF8-BF41-3EFE143B3085}"
EndProject
Global
	GlobalSection(SolutionConfigurationPlatforms) = preSolution
		Debug|Any CPU = Debug|Any CPU
		Release|Any CPU = Release|Any CPU
	EndGlobalSection
	GlobalSection(ProjectConfigurationPlatforms) = postSolution
		{8B4E6B97-7D04-498D-AADC-EA87CC9DA0EB}.Debug|Any CPU.ActiveCfg = Debug|Any CPU
		{8B4E6B97-7D04-498D-AADC-EA87CC9DA0EB}.Debug|Any CPU.Build.0 = Debug|Any CPU
		{8B4E6B97-7D04-498D-AADC-EA87CC9DA0EB}.Release|Any CPU.ActiveCfg = Release|Any CPU
		{8B4E6B97-7D04-498D-AADC-EA87CC9DA0EB}.Release|Any CPU.Build.0 = Release|Any CPU
		{7DB2ADA6-F0D1-4488-B1A7-AF6D382DED18}.Debug|Any CPU.ActiveCfg = Debug|Any CPU
		{7DB2ADA6-F0D1-4488-B1A7-AF6D382DED18}.Debug|Any CPU.Build.0 = Debug|Any CPU
		{7DB2ADA6-F0D1-4488-B1A7-AF6D382DED18}.Release|Any CPU.ActiveCfg = Release|Any CPU
		{7DB2ADA6-F0D1-4488-B1A7-AF6D382DED18}.Release|Any CPU.Build.0 = Release|Any CPU
		{74B979D8-BA92-4A23-96EE-14A9543FE35C}.Debug|Any CPU.ActiveCfg = Debug|Any CPU
		{74B979D8-BA92-4A23-96EE-14A9543FE35C}.Debug|Any CPU.Build.0 = Debug|Any CPU
		{74B979D8-BA92-4A23-96EE-14A9543FE35C}.Release|Any CPU.ActiveCfg = Release|Any CPU
		{74B979D8-BA92-4A23-96EE-14A9543FE35C}.Release|Any CPU.Build.0 = Release|Any CPU
		{E326792D-1886-479B-9DCF-7883554EBB4D}.Debug|Any CPU.ActiveCfg = Debug|Any CPU
		{E326792D-1886-479B-9DCF-7883554EBB4D}.Debug|Any CPU.Build.0 = Debug|Any CPU
		{E326792D-1886-479B-9DCF-7883554EBB4D}.Release|Any CPU.ActiveCfg = Release|Any CPU
		{E326792D-1886-479B-9DCF-7883554EBB4D}.Release|Any CPU.Build.0 = Release|Any CPU
		{6F8BFCE2-F144-44BD-AB81-5AAB08DCDCCC}.Debug|Any CPU.ActiveCfg = Debug|Any CPU
		{6F8BFCE2-F144-44BD-AB81-5AAB08DCDCCC}.Debug|Any CPU.Build.0 = Debug|Any CPU
		{6F8BFCE2-F144-44BD-AB81-5AAB08DCDCCC}.Release|Any CPU.ActiveCfg = Release|Any CPU
		{6F8BFCE2-F144-44BD-AB81-5AAB08DCDCCC}.Release|Any CPU.Build.0 = Release|Any CPU
		{9AC63BA1-D3B7-4EA7-AD25-687C5B94D6F9}.Debug|Any CPU.ActiveCfg = Debug|Any CPU
		{9AC63BA1-D3B7-4EA7-AD25-687C5B94D6F9}.Debug|Any CPU.Build.0 = Debug|Any CPU
		{9AC63BA1-D3B7-4EA7-AD25-687C5B94D6F9}.Release|Any CPU.ActiveCfg = Release|Any CPU
		{9AC63BA1-D3B7-4EA7-AD25-687C5B94D6F9}.Release|Any CPU.Build.0 = Release|Any CPU
		{96743454-B2ED-43BB-9A47-BAF31F5EECF3}.Debug|Any CPU.ActiveCfg = Debug|Any CPU
		{96743454-B2ED-43BB-9A47-BAF31F5EECF3}.Debug|Any CPU.Build.0 = Debug|Any CPU
		{96743454-B2ED-43BB-9A47-BAF31F5EECF3}.Release|Any CPU.ActiveCfg = Release|Any CPU
		{96743454-B2ED-43BB-9A47-BAF31F5EECF3}.Release|Any CPU.Build.0 = Release|Any CPU
		{04873823-E144-4CF8-BF41-3EFE143B3085}.Debug|Any CPU.ActiveCfg = Debug|Any CPU
		{04873823-E144-4CF8-BF41-3EFE143B3085}.Debug|Any CPU.Build.0 = Debug|Any CPU
		{04873823-E144-4CF8-BF41-3EFE143B3085}.Release|Any CPU.ActiveCfg = Release|Any CPU
		{04873823-E144-4CF8-BF41-3EFE143B3085}.Release|Any CPU.Build.0 = Release|Any CPU
	EndGlobalSection
	GlobalSection(SolutionProperties) = preSolution
		HideSolutionNode = FALSE
	EndGlobalSection
	GlobalSection(NestedProjects) = preSolution
		{8B4E6B97-7D04-498D-AADC-EA87CC9DA0EB} = {2E8ACA9B-FB93-48AF-AB8F-D7ACB662F605}
		{7DB2ADA6-F0D1-4488-B1A7-AF6D382DED18} = {2E8ACA9B-FB93-48AF-AB8F-D7ACB662F605}
		{74B979D8-BA92-4A23-96EE-14A9543FE35C} = {2E8ACA9B-FB93-48AF-AB8F-D7ACB662F605}
		{E326792D-1886-479B-9DCF-7883554EBB4D} = {2E8ACA9B-FB93-48AF-AB8F-D7ACB662F605}
		{6F8BFCE2-F144-44BD-AB81-5AAB08DCDCCC} = {2E8ACA9B-FB93-48AF-AB8F-D7ACB662F605}
		{9AC63BA1-D3B7-4EA7-AD25-687C5B94D6F9} = {2E8ACA9B-FB93-48AF-AB8F-D7ACB662F605}
		{96743454-B2ED-43BB-9A47-BAF31F5EECF3} = {2E8ACA9B-FB93-48AF-AB8F-D7ACB662F605}
		{04873823-E144-4CF8-BF41-3EFE143B3085} = {2E8ACA9B-FB93-48AF-AB8F-D7ACB662F605}
	EndGlobalSection
EndGlobal
